
Microsoft Visual Studio Solution File, Format Version 12.00
# Visual Studio Version 16
VisualStudioVersion = 16.0.29411.108
MinimumVisualStudioVersion = 10.0.40219.1
Project("{FAE04EC0-301F-11D3-BF4B-00C04F79EFBC}") = "ComputerAccessoriesV2", "ComputerAccessoriesV2\ComputerAccessoriesV2.csproj", "{4277B215-A492-49D5-8370-73534AD8BDA4}"
EndProject
Global
	GlobalSection(SolutionConfigurationPlatforms) = preSolution
		Debug|Any CPU = Debug|Any CPU
		Release|Any CPU = Release|Any CPU
	EndGlobalSection
	GlobalSection(ProjectConfigurationPlatforms) = postSolution
		{4277B215-A492-49D5-8370-73534AD8BDA4}.Debug|Any CPU.ActiveCfg = Debug|Any CPU
		{4277B215-A492-49D5-8370-73534AD8BDA4}.Debug|Any CPU.Build.0 = Debug|Any CPU
		{4277B215-A492-49D5-8370-73534AD8BDA4}.Release|Any CPU.ActiveCfg = Release|Any CPU
		{4277B215-A492-49D5-8370-73534AD8BDA4}.Release|Any CPU.Build.0 = Release|Any CPU
	EndGlobalSection
	GlobalSection(SolutionProperties) = preSolution
		HideSolutionNode = FALSE
	EndGlobalSection
	GlobalSection(ExtensibilityGlobals) = postSolution
		SolutionGuid = {61F10223-04DF-493A-94FA-604DD2636326}
	EndGlobalSection
EndGlobal
